
Microsoft Visual Studio Solution File, Format Version 12.00
# Visual Studio 15
VisualStudioVersion = 15.0.27130.2036
MinimumVisualStudioVersion = 10.0.40219.1
Project("{FAE04EC0-301F-11D3-BF4B-00C04F79EFBC}") = "DumpReport", "DumpReport.csproj", "{D85CAE49-5CC7-45DE-9564-72D7185F7FA6}"
EndProject
Global
	GlobalSection(SolutionConfigurationPlatforms) = preSolution
		Debug|x86 = Debug|x86
		Release|x86 = Release|x86
	EndGlobalSection
	GlobalSection(ProjectConfigurationPlatforms) = postSolution
		{D85CAE49-5CC7-45DE-9564-72D7185F7FA6}.Debug|x86.ActiveCfg = Debug|x86
		{D85CAE49-5CC7-45DE-9564-72D7185F7FA6}.Debug|x86.Build.0 = Debug|x86
		{D85CAE49-5CC7-45DE-9564-72D7185F7FA6}.Release|x86.ActiveCfg = Release|x86
		{D85CAE49-5CC7-45DE-9564-72D7185F7FA6}.Release|x86.Build.0 = Release|x86
	EndGlobalSection
	GlobalSection(SolutionProperties) = preSolution
		HideSolutionNode = FALSE
	EndGlobalSection
	GlobalSection(ExtensibilityGlobals) = postSolution
		SolutionGuid = {98D53D9F-A51A-4F3E-8357-A448A29B4639}
	EndGlobalSection
EndGlobal
